// !$*UTF8*$!
{
	archiveVersion = 1;
	classes = {
	};
	objectVersion = 46;
	objects = {

/* Begin PBXBuildFile section */
		169B46CC14687A3100E63BF7 /* main.m in Sources */ = {isa = PBXBuildFile; fileRef = 16B6065414684CC100C59800 /* main.m */; };
		169B46CD14687A3100E63BF7 /* AppDelegate.m in Sources */ = {isa = PBXBuildFile; fileRef = 16B6065814684CC100C59800 /* AppDelegate.m */; };
		169B46CE14687A3100E63BF7 /* ViewController.m in Sources */ = {isa = PBXBuildFile; fileRef = 16B6065B14684CC200C59800 /* ViewController.m */; };
		169B46CF14687A3100E63BF7 /* StarView.m in Sources */ = {isa = PBXBuildFile; fileRef = 16B6068114684DDD00C59800 /* StarView.m */; };
		169B46D114687A3100E63BF7 /* AVFoundation.framework in Frameworks */ = {isa = PBXBuildFile; fileRef = 16B606851468583900C59800 /* AVFoundation.framework */; };
		169B46D214687A3100E63BF7 /* UIKit.framework in Frameworks */ = {isa = PBXBuildFile; fileRef = 16B6064814684CC100C59800 /* UIKit.framework */; };
		169B46D314687A3100E63BF7 /* Foundation.framework in Frameworks */ = {isa = PBXBuildFile; fileRef = 16B6064A14684CC100C59800 /* Foundation.framework */; };
		169B46D414687A3100E63BF7 /* CoreGraphics.framework in Frameworks */ = {isa = PBXBuildFile; fileRef = 16B6064C14684CC100C59800 /* CoreGraphics.framework */; };
		169B46D614687A3100E63BF7 /* InfoPlist.strings in Resources */ = {isa = PBXBuildFile; fileRef = 16B6065114684CC100C59800 /* InfoPlist.strings */; };
		169B46D714687A3100E63BF7 /* ViewController_iPhone.xib in Resources */ = {isa = PBXBuildFile; fileRef = 16B6065D14684CC200C59800 /* ViewController_iPhone.xib */; };
		169B46D814687A3100E63BF7 /* ViewController_iPad.xib in Resources */ = {isa = PBXBuildFile; fileRef = 16B6066014684CC200C59800 /* ViewController_iPad.xib */; };
		169B46D914687A3100E63BF7 /* Vietnam_National_Anthem_-_Tien_Quan_Ca.mp3 in Resources */ = {isa = PBXBuildFile; fileRef = 16B606831468568A00C59800 /* Vietnam_National_Anthem_-_Tien_Quan_Ca.mp3 */; };
		169B46E41468805B00E63BF7 /* Vietnam_Flag_57.png in Resources */ = {isa = PBXBuildFile; fileRef = 169B46E31468805B00E63BF7 /* Vietnam_Flag_57.png */; };
		169B46E6146880A400E63BF7 /* Vietnam_Flag_114.png in Resources */ = {isa = PBXBuildFile; fileRef = 169B46E5146880A400E63BF7 /* Vietnam_Flag_114.png */; };
		169B46E81468812200E63BF7 /* Vietnam_Flag_72.png in Resources */ = {isa = PBXBuildFile; fileRef = 169B46E71468812200E63BF7 /* Vietnam_Flag_72.png */; };
		16B6064914684CC100C59800 /* UIKit.framework in Frameworks */ = {isa = PBXBuildFile; fileRef = 16B6064814684CC100C59800 /* UIKit.framework */; };
		16B6064B14684CC100C59800 /* Foundation.framework in Frameworks */ = {isa = PBXBuildFile; fileRef = 16B6064A14684CC100C59800 /* Foundation.framework */; };
		16B6064D14684CC100C59800 /* CoreGraphics.framework in Frameworks */ = {isa = PBXBuildFile; fileRef = 16B6064C14684CC100C59800 /* CoreGraphics.framework */; };
		16B6065314684CC100C59800 /* InfoPlist.strings in Resources */ = {isa = PBXBuildFile; fileRef = 16B6065114684CC100C59800 /* InfoPlist.strings */; };
		16B6065514684CC100C59800 /* main.m in Sources */ = {isa = PBXBuildFile; fileRef = 16B6065414684CC100C59800 /* main.m */; };
		16B6065914684CC100C59800 /* AppDelegate.m in Sources */ = {isa = PBXBuildFile; fileRef = 16B6065814684CC100C59800 /* AppDelegate.m */; };
		16B6065C14684CC200C59800 /* ViewController.m in Sources */ = {isa = PBXBuildFile; fileRef = 16B6065B14684CC200C59800 /* ViewController.m */; };
		16B6065F14684CC200C59800 /* ViewController_iPhone.xib in Resources */ = {isa = PBXBuildFile; fileRef = 16B6065D14684CC200C59800 /* ViewController_iPhone.xib */; };
		16B6066214684CC200C59800 /* ViewController_iPad.xib in Resources */ = {isa = PBXBuildFile; fileRef = 16B6066014684CC200C59800 /* ViewController_iPad.xib */; };
		16B6066A14684CC200C59800 /* SenTestingKit.framework in Frameworks */ = {isa = PBXBuildFile; fileRef = 16B6066914684CC200C59800 /* SenTestingKit.framework */; };
		16B6066B14684CC200C59800 /* UIKit.framework in Frameworks */ = {isa = PBXBuildFile; fileRef = 16B6064814684CC100C59800 /* UIKit.framework */; };
		16B6066C14684CC200C59800 /* Foundation.framework in Frameworks */ = {isa = PBXBuildFile; fileRef = 16B6064A14684CC100C59800 /* Foundation.framework */; };
		16B6067414684CC200C59800 /* InfoPlist.strings in Resources */ = {isa = PBXBuildFile; fileRef = 16B6067214684CC200C59800 /* InfoPlist.strings */; };
		16B6067714684CC200C59800 /* Chao_Co_Viet_NamTests.m in Sources */ = {isa = PBXBuildFile; fileRef = 16B6067614684CC200C59800 /* Chao_Co_Viet_NamTests.m */; };
		16B6068214684DDD00C59800 /* StarView.m in Sources */ = {isa = PBXBuildFile; fileRef = 16B6068114684DDD00C59800 /* StarView.m */; };
		16B606841468568A00C59800 /* Vietnam_National_Anthem_-_Tien_Quan_Ca.mp3 in Resources */ = {isa = PBXBuildFile; fileRef = 16B606831468568A00C59800 /* Vietnam_National_Anthem_-_Tien_Quan_Ca.mp3 */; };
		16B606861468583900C59800 /* AVFoundation.framework in Frameworks */ = {isa = PBXBuildFile; fileRef = 16B606851468583900C59800 /* AVFoundation.framework */; };
/* End PBXBuildFile section */

/* Begin PBXContainerItemProxy section */
		16B6066D14684CC200C59800 /* PBXContainerItemProxy */ = {
			isa = PBXContainerItemProxy;
			containerPortal = 16B6063B14684CC100C59800 /* Project object */;
			proxyType = 1;
			remoteGlobalIDString = 16B6064314684CC100C59800;
			remoteInfo = "Chao Co Viet Nam";
		};
/* End PBXContainerItemProxy section */

/* Begin PBXFileReference section */
		169B46DD14687A3100E63BF7 /* Chao Co Viet Nam - Distribution.app */ = {isa = PBXFileReference; explicitFileType = wrapper.application; includeInIndex = 0; path = "Chao Co Viet Nam - Distribution.app"; sourceTree = BUILT_PRODUCTS_DIR; };
		169B46DF14687A3100E63BF7 /* Chao Co Viet Nam copy-Info.plist */ = {isa = PBXFileReference; lastKnownFileType = text.plist.xml; name = "Chao Co Viet Nam copy-Info.plist"; path = "/Users/sondh/Working/Chao Co Viet Nam/Chao Co Viet Nam copy-Info.plist"; sourceTree = "<absolute>"; };
		169B46E31468805B00E63BF7 /* Vietnam_Flag_57.png */ = {isa = PBXFileReference; lastKnownFileType = image.png; path = Vietnam_Flag_57.png; sourceTree = "<group>"; };
		169B46E5146880A400E63BF7 /* Vietnam_Flag_114.png */ = {isa = PBXFileReference; lastKnownFileType = image.png; path = Vietnam_Flag_114.png; sourceTree = "<group>"; };
		169B46E71468812200E63BF7 /* Vietnam_Flag_72.png */ = {isa = PBXFileReference; lastKnownFileType = image.png; path = Vietnam_Flag_72.png; sourceTree = "<group>"; };
		16B6064414684CC100C59800 /* Chao Co Viet Nam.app */ = {isa = PBXFileReference; explicitFileType = wrapper.application; includeInIndex = 0; path = "Chao Co Viet Nam.app"; sourceTree = BUILT_PRODUCTS_DIR; };
		16B6064814684CC100C59800 /* UIKit.framework */ = {isa = PBXFileReference; lastKnownFileType = wrapper.framework; name = UIKit.framework; path = System/Library/Frameworks/UIKit.framework; sourceTree = SDKROOT; };
		16B6064A14684CC100C59800 /* Foundation.framework */ = {isa = PBXFileReference; lastKnownFileType = wrapper.framework; name = Foundation.framework; path = System/Library/Frameworks/Foundation.framework; sourceTree = SDKROOT; };
		16B6064C14684CC100C59800 /* CoreGraphics.framework */ = {isa = PBXFileReference; lastKnownFileType = wrapper.framework; name = CoreGraphics.framework; path = System/Library/Frameworks/CoreGraphics.framework; sourceTree = SDKROOT; };
		16B6065014684CC100C59800 /* Chao Co Viet Nam-Info.plist */ = {isa = PBXFileReference; lastKnownFileType = text.plist.xml; path = "Chao Co Viet Nam-Info.plist"; sourceTree = "<group>"; };
		16B6065214684CC100C59800 /* en */ = {isa = PBXFileReference; lastKnownFileType = text.plist.strings; name = en; path = en.lproj/InfoPlist.strings; sourceTree = "<group>"; };
		16B6065414684CC100C59800 /* main.m */ = {isa = PBXFileReference; lastKnownFileType = sourcecode.c.objc; path = main.m; sourceTree = "<group>"; };
		16B6065614684CC100C59800 /* Chao Co Viet Nam-Prefix.pch */ = {isa = PBXFileReference; lastKnownFileType = sourcecode.c.h; path = "Chao Co Viet Nam-Prefix.pch"; sourceTree = "<group>"; };
		16B6065714684CC100C59800 /* AppDelegate.h */ = {isa = PBXFileReference; lastKnownFileType = sourcecode.c.h; path = AppDelegate.h; sourceTree = "<group>"; };
		16B6065814684CC100C59800 /* AppDelegate.m */ = {isa = PBXFileReference; lastKnownFileType = sourcecode.c.objc; path = AppDelegate.m; sourceTree = "<group>"; };
		16B6065A14684CC100C59800 /* ViewController.h */ = {isa = PBXFileReference; lastKnownFileType = sourcecode.c.h; path = ViewController.h; sourceTree = "<group>"; };
		16B6065B14684CC200C59800 /* ViewController.m */ = {isa = PBXFileReference; lastKnownFileType = sourcecode.c.objc; path = ViewController.m; sourceTree = "<group>"; };
		16B6065E14684CC200C59800 /* en */ = {isa = PBXFileReference; lastKnownFileType = file.xib; name = en; path = en.lproj/ViewController_iPhone.xib; sourceTree = "<group>"; };
		16B6066114684CC200C59800 /* en */ = {isa = PBXFileReference; lastKnownFileType = file.xib; name = en; path = en.lproj/ViewController_iPad.xib; sourceTree = "<group>"; };
		16B6066814684CC200C59800 /* Chao Co Viet NamTests.octest */ = {isa = PBXFileReference; explicitFileType = wrapper.cfbundle; includeInIndex = 0; path = "Chao Co Viet NamTests.octest"; sourceTree = BUILT_PRODUCTS_DIR; };
		16B6066914684CC200C59800 /* SenTestingKit.framework */ = {isa = PBXFileReference; lastKnownFileType = wrapper.framework; name = SenTestingKit.framework; path = Library/Frameworks/SenTestingKit.framework; sourceTree = DEVELOPER_DIR; };
		16B6067114684CC200C59800 /* Chao Co Viet NamTests-Info.plist */ = {isa = PBXFileReference; lastKnownFileType = text.plist.xml; path = "Chao Co Viet NamTests-Info.plist"; sourceTree = "<group>"; };
		16B6067314684CC200C59800 /* en */ = {isa = PBXFileReference; lastKnownFileType = text.plist.strings; name = en; path = en.lproj/InfoPlist.strings; sourceTree = "<group>"; };
		16B6067514684CC200C59800 /* Chao_Co_Viet_NamTests.h */ = {isa = PBXFileReference; lastKnownFileType = sourcecode.c.h; path = Chao_Co_Viet_NamTests.h; sourceTree = "<group>"; };
		16B6067614684CC200C59800 /* Chao_Co_Viet_NamTests.m */ = {isa = PBXFileReference; lastKnownFileType = sourcecode.c.objc; path = Chao_Co_Viet_NamTests.m; sourceTree = "<group>"; };
		16B6068014684DDD00C59800 /* StarView.h */ = {isa = PBXFileReference; fileEncoding = 4; lastKnownFileType = sourcecode.c.h; path = StarView.h; sourceTree = "<group>"; };
		16B6068114684DDD00C59800 /* StarView.m */ = {isa = PBXFileReference; fileEncoding = 4; lastKnownFileType = sourcecode.c.objc; path = StarView.m; sourceTree = "<group>"; };
		16B606831468568A00C59800 /* Vietnam_National_Anthem_-_Tien_Quan_Ca.mp3 */ = {isa = PBXFileReference; lastKnownFileType = audio.mp3; path = "Vietnam_National_Anthem_-_Tien_Quan_Ca.mp3"; sourceTree = "<group>"; };
		16B606851468583900C59800 /* AVFoundation.framework */ = {isa = PBXFileReference; lastKnownFileType = wrapper.framework; name = AVFoundation.framework; path = System/Library/Frameworks/AVFoundation.framework; sourceTree = SDKROOT; };
/* End PBXFileReference section */

/* Begin PBXFrameworksBuildPhase section */
		169B46D014687A3100E63BF7 /* Frameworks */ = {
			isa = PBXFrameworksBuildPhase;
			buildActionMask = 2147483647;
			files = (
				169B46D114687A3100E63BF7 /* AVFoundation.framework in Frameworks */,
				169B46D214687A3100E63BF7 /* UIKit.framework in Frameworks */,
				169B46D314687A3100E63BF7 /* Foundation.framework in Frameworks */,
				169B46D414687A3100E63BF7 /* CoreGraphics.framework in Frameworks */,
			);
			runOnlyForDeploymentPostprocessing = 0;
		};
		16B6064114684CC100C59800 /* Frameworks */ = {
			isa = PBXFrameworksBuildPhase;
			buildActionMask = 2147483647;
			files = (
				16B606861468583900C59800 /* AVFoundation.framework in Frameworks */,
				16B6064914684CC100C59800 /* UIKit.framework in Frameworks */,
				16B6064B14684CC100C59800 /* Foundation.framework in Frameworks */,
				16B6064D14684CC100C59800 /* CoreGraphics.framework in Frameworks */,
			);
			runOnlyForDeploymentPostprocessing = 0;
		};
		16B6066414684CC200C59800 /* Frameworks */ = {
			isa = PBXFrameworksBuildPhase;
			buildActionMask = 2147483647;
			files = (
				16B6066A14684CC200C59800 /* SenTestingKit.framework in Frameworks */,
				16B6066B14684CC200C59800 /* UIKit.framework in Frameworks */,
				16B6066C14684CC200C59800 /* Foundation.framework in Frameworks */,
			);
			runOnlyForDeploymentPostprocessing = 0;
		};
/* End PBXFrameworksBuildPhase section */

/* Begin PBXGroup section */
		16B6063914684CC100C59800 = {
			isa = PBXGroup;
			children = (
				169B46E71468812200E63BF7 /* Vietnam_Flag_72.png */,
				169B46E5146880A400E63BF7 /* Vietnam_Flag_114.png */,
				169B46E31468805B00E63BF7 /* Vietnam_Flag_57.png */,
				16B6064E14684CC100C59800 /* Chao Co Viet Nam */,
				16B6066F14684CC200C59800 /* Chao Co Viet NamTests */,
				16B6064714684CC100C59800 /* Frameworks */,
				16B6064514684CC100C59800 /* Products */,
			);
			sourceTree = "<group>";
		};
		16B6064514684CC100C59800 /* Products */ = {
			isa = PBXGroup;
			children = (
				16B6064414684CC100C59800 /* Chao Co Viet Nam.app */,
				16B6066814684CC200C59800 /* Chao Co Viet NamTests.octest */,
				169B46DD14687A3100E63BF7 /* Chao Co Viet Nam - Distribution.app */,
			);
			name = Products;
			sourceTree = "<group>";
		};
		16B6064714684CC100C59800 /* Frameworks */ = {
			isa = PBXGroup;
			children = (
				16B606851468583900C59800 /* AVFoundation.framework */,
				16B6064814684CC100C59800 /* UIKit.framework */,
				16B6064A14684CC100C59800 /* Foundation.framework */,
				16B6064C14684CC100C59800 /* CoreGraphics.framework */,
				16B6066914684CC200C59800 /* SenTestingKit.framework */,
			);
			name = Frameworks;
			sourceTree = "<group>";
		};
		16B6064E14684CC100C59800 /* Chao Co Viet Nam */ = {
			isa = PBXGroup;
			children = (
				16B6065714684CC100C59800 /* AppDelegate.h */,
				16B6065814684CC100C59800 /* AppDelegate.m */,
				16B6065A14684CC100C59800 /* ViewController.h */,
				16B6065B14684CC200C59800 /* ViewController.m */,
				16B6065D14684CC200C59800 /* ViewController_iPhone.xib */,
				16B6066014684CC200C59800 /* ViewController_iPad.xib */,
				16B6064F14684CC100C59800 /* Supporting Files */,
				16B6068014684DDD00C59800 /* StarView.h */,
				16B6068114684DDD00C59800 /* StarView.m */,
			);
			path = "Chao Co Viet Nam";
			sourceTree = "<group>";
		};
		16B6064F14684CC100C59800 /* Supporting Files */ = {
			isa = PBXGroup;
			children = (
				169B46DF14687A3100E63BF7 /* Chao Co Viet Nam copy-Info.plist */,
				16B606831468568A00C59800 /* Vietnam_National_Anthem_-_Tien_Quan_Ca.mp3 */,
				16B6065014684CC100C59800 /* Chao Co Viet Nam-Info.plist */,
				16B6065114684CC100C59800 /* InfoPlist.strings */,
				16B6065414684CC100C59800 /* main.m */,
				16B6065614684CC100C59800 /* Chao Co Viet Nam-Prefix.pch */,
			);
			name = "Supporting Files";
			sourceTree = "<group>";
		};
		16B6066F14684CC200C59800 /* Chao Co Viet NamTests */ = {
			isa = PBXGroup;
			children = (
				16B6067514684CC200C59800 /* Chao_Co_Viet_NamTests.h */,
				16B6067614684CC200C59800 /* Chao_Co_Viet_NamTests.m */,
				16B6067014684CC200C59800 /* Supporting Files */,
			);
			path = "Chao Co Viet NamTests";
			sourceTree = "<group>";
		};
		16B6067014684CC200C59800 /* Supporting Files */ = {
			isa = PBXGroup;
			children = (
				16B6067114684CC200C59800 /* Chao Co Viet NamTests-Info.plist */,
				16B6067214684CC200C59800 /* InfoPlist.strings */,
			);
			name = "Supporting Files";
			sourceTree = "<group>";
		};
/* End PBXGroup section */

/* Begin PBXNativeTarget section */
		169B46CA14687A3100E63BF7 /* Distribution */ = {
			isa = PBXNativeTarget;
			buildConfigurationList = 169B46DA14687A3100E63BF7 /* Build configuration list for PBXNativeTarget "Distribution" */;
			buildPhases = (
				169B46CB14687A3100E63BF7 /* Sources */,
				169B46D014687A3100E63BF7 /* Frameworks */,
				169B46D514687A3100E63BF7 /* Resources */,
			);
			buildRules = (
			);
			dependencies = (
			);
			name = Distribution;
			productName = "Chao Co Viet Nam";
			productReference = 169B46DD14687A3100E63BF7 /* Chao Co Viet Nam - Distribution.app */;
			productType = "com.apple.product-type.application";
		};
		16B6064314684CC100C59800 /* Chao Co Viet Nam */ = {
			isa = PBXNativeTarget;
			buildConfigurationList = 16B6067A14684CC200C59800 /* Build configuration list for PBXNativeTarget "Chao Co Viet Nam" */;
			buildPhases = (
				16B6064014684CC100C59800 /* Sources */,
				16B6064114684CC100C59800 /* Frameworks */,
				16B6064214684CC100C59800 /* Resources */,
			);
			buildRules = (
			);
			dependencies = (
			);
			name = "Chao Co Viet Nam";
			productName = "Chao Co Viet Nam";
			productReference = 16B6064414684CC100C59800 /* Chao Co Viet Nam.app */;
			productType = "com.apple.product-type.application";
		};
		16B6066714684CC200C59800 /* Chao Co Viet NamTests */ = {
			isa = PBXNativeTarget;
			buildConfigurationList = 16B6067D14684CC200C59800 /* Build configuration list for PBXNativeTarget "Chao Co Viet NamTests" */;
			buildPhases = (
				16B6066314684CC200C59800 /* Sources */,
				16B6066414684CC200C59800 /* Frameworks */,
				16B6066514684CC200C59800 /* Resources */,
				16B6066614684CC200C59800 /* ShellScript */,
			);
			buildRules = (
			);
			dependencies = (
				16B6066E14684CC200C59800 /* PBXTargetDependency */,
			);
			name = "Chao Co Viet NamTests";
			productName = "Chao Co Viet NamTests";
			productReference = 16B6066814684CC200C59800 /* Chao Co Viet NamTests.octest */;
			productType = "com.apple.product-type.bundle";
		};
/* End PBXNativeTarget section */

/* Begin PBXProject section */
		16B6063B14684CC100C59800 /* Project object */ = {
			isa = PBXProject;
			attributes = {
				LastUpgradeCheck = 0420;
				ORGANIZATIONNAME = UET;
			};
			buildConfigurationList = 16B6063E14684CC100C59800 /* Build configuration list for PBXProject "Chao Co Viet Nam" */;
			compatibilityVersion = "Xcode 3.2";
			developmentRegion = English;
			hasScannedForEncodings = 0;
			knownRegions = (
				en,
			);
			mainGroup = 16B6063914684CC100C59800;
			productRefGroup = 16B6064514684CC100C59800 /* Products */;
			projectDirPath = "";
			projectRoot = "";
			targets = (
				16B6064314684CC100C59800 /* Chao Co Viet Nam */,
				169B46CA14687A3100E63BF7 /* Distribution */,
				16B6066714684CC200C59800 /* Chao Co Viet NamTests */,
			);
		};
/* End PBXProject section */

/* Begin PBXResourcesBuildPhase section */
		169B46D514687A3100E63BF7 /* Resources */ = {
			isa = PBXResourcesBuildPhase;
			buildActionMask = 2147483647;
			files = (
				169B46D614687A3100E63BF7 /* InfoPlist.strings in Resources */,
				169B46D714687A3100E63BF7 /* ViewController_iPhone.xib in Resources */,
				169B46D814687A3100E63BF7 /* ViewController_iPad.xib in Resources */,
				169B46D914687A3100E63BF7 /* Vietnam_National_Anthem_-_Tien_Quan_Ca.mp3 in Resources */,
				169B46E41468805B00E63BF7 /* Vietnam_Flag_57.png in Resources */,
				169B46E6146880A400E63BF7 /* Vietnam_Flag_114.png in Resources */,
				169B46E81468812200E63BF7 /* Vietnam_Flag_72.png in Resources */,
			);
			runOnlyForDeploymentPostprocessing = 0;
		};
		16B6064214684CC100C59800 /* Resources */ = {
			isa = PBXResourcesBuildPhase;
			buildActionMask = 2147483647;
			files = (
				16B6065314684CC100C59800 /* InfoPlist.strings in Resources */,
				16B6065F14684CC200C59800 /* ViewController_iPhone.xib in Resources */,
				16B6066214684CC200C59800 /* ViewController_iPad.xib in Resources */,
				16B606841468568A00C59800 /* Vietnam_National_Anthem_-_Tien_Quan_Ca.mp3 in Resources */,
			);
			runOnlyForDeploymentPostprocessing = 0;
		};
		16B6066514684CC200C59800 /* Resources */ = {
			isa = PBXResourcesBuildPhase;
			buildActionMask = 2147483647;
			files = (
				16B6067414684CC200C59800 /* InfoPlist.strings in Resources */,
			);
			runOnlyForDeploymentPostprocessing = 0;
		};
/* End PBXResourcesBuildPhase section */

/* Begin PBXShellScriptBuildPhase section */
		16B6066614684CC200C59800 /* ShellScript */ = {
			isa = PBXShellScriptBuildPhase;
			buildActionMask = 2147483647;
			files = (
			);
			inputPaths = (
			);
			outputPaths = (
			);
			runOnlyForDeploymentPostprocessing = 0;
			shellPath = /bin/sh;
			shellScript = "# Run the unit tests in this test bundle.\n\"${SYSTEM_DEVELOPER_DIR}/Tools/RunUnitTests\"\n";
		};
/* End PBXShellScriptBuildPhase section */

/* Begin PBXSourcesBuildPhase section */
		169B46CB14687A3100E63BF7 /* Sources */ = {
			isa = PBXSourcesBuildPhase;
			buildActionMask = 2147483647;
			files = (
				169B46CC14687A3100E63BF7 /* main.m in Sources */,
				169B46CD14687A3100E63BF7 /* AppDelegate.m in Sources */,
				169B46CE14687A3100E63BF7 /* ViewController.m in Sources */,
				169B46CF14687A3100E63BF7 /* StarView.m in Sources */,
			);
			runOnlyForDeploymentPostprocessing = 0;
		};
		16B6064014684CC100C59800 /* Sources */ = {
			isa = PBXSourcesBuildPhase;
			buildActionMask = 2147483647;
			files = (
				16B6065514684CC100C59800 /* main.m in Sources */,
				16B6065914684CC100C59800 /* AppDelegate.m in Sources */,
				16B6065C14684CC200C59800 /* ViewController.m in Sources */,
				16B6068214684DDD00C59800 /* StarView.m in Sources */,
			);
			runOnlyForDeploymentPostprocessing = 0;
		};
		16B6066314684CC200C59800 /* Sources */ = {
			isa = PBXSourcesBuildPhase;
			buildActionMask = 2147483647;
			files = (
				16B6067714684CC200C59800 /* Chao_Co_Viet_NamTests.m in Sources */,
			);
			runOnlyForDeploymentPostprocessing = 0;
		};
/* End PBXSourcesBuildPhase section */

/* Begin PBXTargetDependency section */
		16B6066E14684CC200C59800 /* PBXTargetDependency */ = {
			isa = PBXTargetDependency;
			target = 16B6064314684CC100C59800 /* Chao Co Viet Nam */;
			targetProxy = 16B6066D14684CC200C59800 /* PBXContainerItemProxy */;
		};
/* End PBXTargetDependency section */

/* Begin PBXVariantGroup section */
		16B6065114684CC100C59800 /* InfoPlist.strings */ = {
			isa = PBXVariantGroup;
			children = (
				16B6065214684CC100C59800 /* en */,
			);
			name = InfoPlist.strings;
			sourceTree = "<group>";
		};
		16B6065D14684CC200C59800 /* ViewController_iPhone.xib */ = {
			isa = PBXVariantGroup;
			children = (
				16B6065E14684CC200C59800 /* en */,
			);
			name = ViewController_iPhone.xib;
			sourceTree = "<group>";
		};
		16B6066014684CC200C59800 /* ViewController_iPad.xib */ = {
			isa = PBXVariantGroup;
			children = (
				16B6066114684CC200C59800 /* en */,
			);
			name = ViewController_iPad.xib;
			sourceTree = "<group>";
		};
		16B6067214684CC200C59800 /* InfoPlist.strings */ = {
			isa = PBXVariantGroup;
			children = (
				16B6067314684CC200C59800 /* en */,
			);
			name = InfoPlist.strings;
			sourceTree = "<group>";
		};
/* End PBXVariantGroup section */

/* Begin XCBuildConfiguration section */
		169B46DB14687A3100E63BF7 /* Debug */ = {
			isa = XCBuildConfiguration;
			buildSettings = {
				GCC_PRECOMPILE_PREFIX_HEADER = YES;
				GCC_PREFIX_HEADER = "Chao Co Viet Nam/Chao Co Viet Nam-Prefix.pch";
				INFOPLIST_FILE = "Chao Co Viet Nam copy-Info.plist";
				IPHONEOS_DEPLOYMENT_TARGET = 4.0;
				PRODUCT_NAME = "Chao Co Viet Nam - Distribution";
				WRAPPER_EXTENSION = app;
			};
			name = Debug;
		};
		169B46DC14687A3100E63BF7 /* Release */ = {
			isa = XCBuildConfiguration;
			buildSettings = {
				GCC_PRECOMPILE_PREFIX_HEADER = YES;
				GCC_PREFIX_HEADER = "Chao Co Viet Nam/Chao Co Viet Nam-Prefix.pch";
				INFOPLIST_FILE = "Chao Co Viet Nam copy-Info.plist";
				IPHONEOS_DEPLOYMENT_TARGET = 4.0;
				PRODUCT_NAME = "Chao Co Viet Nam - Distribution";
				WRAPPER_EXTENSION = app;
			};
			name = Release;
		};
		16B6067814684CC200C59800 /* Debug */ = {
			isa = XCBuildConfiguration;
			buildSettings = {
				ALWAYS_SEARCH_USER_PATHS = NO;
				ARCHS = (
					armv6,
					"$(ARCHS_STANDARD_32_BIT)",
				);
				CLANG_ENABLE_OBJC_ARC = YES;
				CODE_SIGN_IDENTITY = "iPhone Developer: Son Dao Hoang (H5K5958NNF)";
				"CODE_SIGN_IDENTITY[sdk=iphoneos*]" = "iPhone Developer: Son Dao Hoang (H5K5958NNF)";
				COPY_PHASE_STRIP = NO;
				GCC_C_LANGUAGE_STANDARD = gnu99;
				GCC_DYNAMIC_NO_PIC = NO;
				GCC_OPTIMIZATION_LEVEL = 0;
				GCC_PREPROCESSOR_DEFINITIONS = (
					"DEBUG=1",
					"$(inherited)",
				);
				GCC_SYMBOLS_PRIVATE_EXTERN = NO;
				GCC_VERSION = com.apple.compilers.llvm.clang.1_0;
				GCC_WARN_ABOUT_MISSING_PROTOTYPES = YES;
				GCC_WARN_ABOUT_RETURN_TYPE = YES;
				GCC_WARN_UNUSED_VARIABLE = YES;
				IPHONEOS_DEPLOYMENT_TARGET = 4.0;
				PROVISIONING_PROFILE = "48CA11EB-D65A-47D9-818E-38B1705E98C4";
				"PROVISIONING_PROFILE[sdk=iphoneos*]" = "48CA11EB-D65A-47D9-818E-38B1705E98C4";
				SDKROOT = iphoneos5.0;
				TARGETED_DEVICE_FAMILY = "1,2";
			};
			name = Debug;
		};
		16B6067914684CC200C59800 /* Release */ = {
			isa = XCBuildConfiguration;
			buildSettings = {
				ALWAYS_SEARCH_USER_PATHS = NO;
				ARCHS = (
					armv6,
					"$(ARCHS_STANDARD_32_BIT)",
				);
				CLANG_ENABLE_OBJC_ARC = YES;
				CODE_SIGN_IDENTITY = "iPhone Developer: Son Dao Hoang (H5K5958NNF)";
				"CODE_SIGN_IDENTITY[sdk=iphoneos*]" = "iPhone Developer: Son Dao Hoang (H5K5958NNF)";
				COPY_PHASE_STRIP = YES;
				GCC_C_LANGUAGE_STANDARD = gnu99;
				GCC_VERSION = com.apple.compilers.llvm.clang.1_0;
				GCC_WARN_ABOUT_MISSING_PROTOTYPES = YES;
				GCC_WARN_ABOUT_RETURN_TYPE = YES;
				GCC_WARN_UNUSED_VARIABLE = YES;
				IPHONEOS_DEPLOYMENT_TARGET = 4.0;
				OTHER_CFLAGS = "-DNS_BLOCK_ASSERTIONS=1";
				PROVISIONING_PROFILE = "48CA11EB-D65A-47D9-818E-38B1705E98C4";
				"PROVISIONING_PROFILE[sdk=iphoneos*]" = "48CA11EB-D65A-47D9-818E-38B1705E98C4";
				SDKROOT = iphoneos5.0;
				TARGETED_DEVICE_FAMILY = "1,2";
				VALIDATE_PRODUCT = YES;
			};
			name = Release;
		};
		16B6067B14684CC200C59800 /* Debug */ = {
			isa = XCBuildConfiguration;
			buildSettings = {
				CODE_SIGN_IDENTITY = "iPhone Developer: Son Dao Hoang (H5K5958NNF)";
				"CODE_SIGN_IDENTITY[sdk=iphoneos*]" = "iPhone Developer: Son Dao Hoang (H5K5958NNF)";
				GCC_PRECOMPILE_PREFIX_HEADER = YES;
				GCC_PREFIX_HEADER = "Chao Co Viet Nam/Chao Co Viet Nam-Prefix.pch";
				INFOPLIST_FILE = "Chao Co Viet Nam/Chao Co Viet Nam-Info.plist";
				IPHONEOS_DEPLOYMENT_TARGET = 4.0;
				PRODUCT_NAME = "$(TARGET_NAME)";
				PROVISIONING_PROFILE = "48CA11EB-D65A-47D9-818E-38B1705E98C4";
				"PROVISIONING_PROFILE[sdk=iphoneos*]" = "48CA11EB-D65A-47D9-818E-38B1705E98C4";
				WRAPPER_EXTENSION = app;
			};
			name = Debug;
		};
		16B6067C14684CC200C59800 /* Release */ = {
			isa = XCBuildConfiguration;
			buildSettings = {
				CODE_SIGN_IDENTITY = "iPhone Developer: Son Dao Hoang (H5K5958NNF)";
				"CODE_SIGN_IDENTITY[sdk=iphoneos*]" = "iPhone Developer: Son Dao Hoang (H5K5958NNF)";
				GCC_PRECOMPILE_PREFIX_HEADER = YES;
				GCC_PREFIX_HEADER = "Chao Co Viet Nam/Chao Co Viet Nam-Prefix.pch";
				INFOPLIST_FILE = "Chao Co Viet Nam/Chao Co Viet Nam-Info.plist";
				IPHONEOS_DEPLOYMENT_TARGET = 4.0;
				PRODUCT_NAME = "$(TARGET_NAME)";
				PROVISIONING_PROFILE = "48CA11EB-D65A-47D9-818E-38B1705E98C4";
				"PROVISIONING_PROFILE[sdk=iphoneos*]" = "48CA11EB-D65A-47D9-818E-38B1705E98C4";
				WRAPPER_EXTENSION = app;
			};
			name = Release;
		};
		16B6067E14684CC200C59800 /* Debug */ = {
			isa = XCBuildConfiguration;
			buildSettings = {
				BUNDLE_LOADER = "$(BUILT_PRODUCTS_DIR)/Chao Co Viet Nam.app/Chao Co Viet Nam";
				FRAMEWORK_SEARCH_PATHS = (
					"$(SDKROOT)/Developer/Library/Frameworks",
					"$(DEVELOPER_LIBRARY_DIR)/Frameworks",
				);
				GCC_PRECOMPILE_PREFIX_HEADER = YES;
				GCC_PREFIX_HEADER = "Chao Co Viet Nam/Chao Co Viet Nam-Prefix.pch";
				INFOPLIST_FILE = "Chao Co Viet NamTests/Chao Co Viet NamTests-Info.plist";
				PRODUCT_NAME = "$(TARGET_NAME)";
				TEST_HOST = "$(BUNDLE_LOADER)";
				WRAPPER_EXTENSION = octest;
			};
			name = Debug;
		};
		16B6067F14684CC200C59800 /* Release */ = {
			isa = XCBuildConfiguration;
			buildSettings = {
				BUNDLE_LOADER = "$(BUILT_PRODUCTS_DIR)/Chao Co Viet Nam.app/Chao Co Viet Nam";
				FRAMEWORK_SEARCH_PATHS = (
					"$(SDKROOT)/Developer/Library/Frameworks",
					"$(DEVELOPER_LIBRARY_DIR)/Frameworks",
				);
				GCC_PRECOMPILE_PREFIX_HEADER = YES;
				GCC_PREFIX_HEADER = "Chao Co Viet Nam/Chao Co Viet Nam-Prefix.pch";
				INFOPLIST_FILE = "Chao Co Viet NamTests/Chao Co Viet NamTests-Info.plist";
				PRODUCT_NAME = "$(TARGET_NAME)";
				TEST_HOST = "$(BUNDLE_LOADER)";
				WRAPPER_EXTENSION = octest;
			};
			name = Release;
		};
/* End XCBuildConfiguration section */

/* Begin XCConfigurationList section */
		169B46DA14687A3100E63BF7 /* Build configuration list for PBXNativeTarget "Distribution" */ = {
			isa = XCConfigurationList;
			buildConfigurations = (
				169B46DB14687A3100E63BF7 /* Debug */,
				169B46DC14687A3100E63BF7 /* Release */,
			);
			defaultConfigurationIsVisible = 0;
			defaultConfigurationName = Release;
		};
		16B6063E14684CC100C59800 /* Build configuration list for PBXProject "Chao Co Viet Nam" */ = {
			isa = XCConfigurationList;
			buildConfigurations = (
				16B6067814684CC200C59800 /* Debug */,
				16B6067914684CC200C59800 /* Release */,
			);
			defaultConfigurationIsVisible = 0;
			defaultConfigurationName = Release;
		};
		16B6067A14684CC200C59800 /* Build configuration list for PBXNativeTarget "Chao Co Viet Nam" */ = {
			isa = XCConfigurationList;
			buildConfigurations = (
				16B6067B14684CC200C59800 /* Debug */,
				16B6067C14684CC200C59800 /* Release */,
			);
			defaultConfigurationIsVisible = 0;
			defaultConfigurationName = Release;
		};
		16B6067D14684CC200C59800 /* Build configuration list for PBXNativeTarget "Chao Co Viet NamTests" */ = {
			isa = XCConfigurationList;
			buildConfigurations = (
				16B6067E14684CC200C59800 /* Debug */,
				16B6067F14684CC200C59800 /* Release */,
			);
			defaultConfigurationIsVisible = 0;
			defaultConfigurationName = Release;
		};
/* End XCConfigurationList section */
	};
	rootObject = 16B6063B14684CC100C59800 /* Project object */;
}
